
Microsoft Visual Studio Solution File, Format Version 12.00
# Visual Studio Version 16
VisualStudioVersion = 16.0.31729.503
MinimumVisualStudioVersion = 10.0.40219.1
Project("{FAE04EC0-301F-11D3-BF4B-00C04F79EFBC}") = "1.1.CalcularFatorial", "1.1.CalcularFatorial.csproj", "{885B8AA4-B95E-4907-9418-109791FCC3D9}"
EndProject
Global
	GlobalSection(SolutionConfigurationPlatforms) = preSolution
		Debug|Any CPU = Debug|Any CPU
		Release|Any CPU = Release|Any CPU
	EndGlobalSection
	GlobalSection(ProjectConfigurationPlatforms) = postSolution
		{885B8AA4-B95E-4907-9418-109791FCC3D9}.Debug|Any CPU.ActiveCfg = Debug|Any CPU
		{885B8AA4-B95E-4907-9418-109791FCC3D9}.Debug|Any CPU.Build.0 = Debug|Any CPU
		{885B8AA4-B95E-4907-9418-109791FCC3D9}.Release|Any CPU.ActiveCfg = Release|Any CPU
		{885B8AA4-B95E-4907-9418-109791FCC3D9}.Release|Any CPU.Build.0 = Release|Any CPU
	EndGlobalSection
	GlobalSection(SolutionProperties) = preSolution
		HideSolutionNode = FALSE
	EndGlobalSection
	GlobalSection(ExtensibilityGlobals) = postSolution
		SolutionGuid = {C490B8A0-9E2C-4F48-B65F-05EF1DBB14F6}
	EndGlobalSection
EndGlobal
